
Microsoft Visual Studio Solution File, Format Version 12.00
# Visual Studio Version 17
VisualStudioVersion = 17.7.34202.233
MinimumVisualStudioVersion = 10.0.40219.1
Project("{9A19103F-16F7-4668-BE54-9A1E7A4F7556}") = "DataAccess", "DataAccess\DataAccess.csproj", "{0FF9456C-6D10-48D0-83CA-7DB8B7E9B433}"
EndProject
Project("{9A19103F-16F7-4668-BE54-9A1E7A4F7556}") = "Skepta.Business", "Skepta.Business\Skepta.Business.csproj", "{ADA1E8F6-A338-4734-A319-FADA2F7CCA08}"
EndProject
Project("{9A19103F-16F7-4668-BE54-9A1E7A4F7556}") = "Skepta.Presentation", "Skepta.Presentation\Skepta.Presentation.csproj", "{9B56BBEA-7E99-4586-9604-2C944C8A2819}"
EndProject
Project("{9A19103F-16F7-4668-BE54-9A1E7A4F7556}") = "SkeptaTests", "SkeptaTests\SkeptaTests.csproj", "{40AF3FA6-4A0A-4D4B-9C59-C9773999BE51}"
EndProject
Global
	GlobalSection(SolutionConfigurationPlatforms) = preSolution
		Debug|Any CPU = Debug|Any CPU
		Release|Any CPU = Release|Any CPU
	EndGlobalSection
	GlobalSection(ProjectConfigurationPlatforms) = postSolution
		{0FF9456C-6D10-48D0-83CA-7DB8B7E9B433}.Debug|Any CPU.ActiveCfg = Debug|Any CPU
		{0FF9456C-6D10-48D0-83CA-7DB8B7E9B433}.Debug|Any CPU.Build.0 = Debug|Any CPU
		{0FF9456C-6D10-48D0-83CA-7DB8B7E9B433}.Release|Any CPU.ActiveCfg = Release|Any CPU
		{0FF9456C-6D10-48D0-83CA-7DB8B7E9B433}.Release|Any CPU.Build.0 = Release|Any CPU
		{ADA1E8F6-A338-4734-A319-FADA2F7CCA08}.Debug|Any CPU.ActiveCfg = Debug|Any CPU
		{ADA1E8F6-A338-4734-A319-FADA2F7CCA08}.Debug|Any CPU.Build.0 = Debug|Any CPU
		{ADA1E8F6-A338-4734-A319-FADA2F7CCA08}.Release|Any CPU.ActiveCfg = Release|Any CPU
		{ADA1E8F6-A338-4734-A319-FADA2F7CCA08}.Release|Any CPU.Build.0 = Release|Any CPU
		{9B56BBEA-7E99-4586-9604-2C944C8A2819}.Debug|Any CPU.ActiveCfg = Debug|Any CPU
		{9B56BBEA-7E99-4586-9604-2C944C8A2819}.Debug|Any CPU.Build.0 = Debug|Any CPU
		{9B56BBEA-7E99-4586-9604-2C944C8A2819}.Release|Any CPU.ActiveCfg = Release|Any CPU
		{9B56BBEA-7E99-4586-9604-2C944C8A2819}.Release|Any CPU.Build.0 = Release|Any CPU
		{40AF3FA6-4A0A-4D4B-9C59-C9773999BE51}.Debug|Any CPU.ActiveCfg = Debug|Any CPU
		{40AF3FA6-4A0A-4D4B-9C59-C9773999BE51}.Debug|Any CPU.Build.0 = Debug|Any CPU
		{40AF3FA6-4A0A-4D4B-9C59-C9773999BE51}.Release|Any CPU.ActiveCfg = Release|Any CPU
		{40AF3FA6-4A0A-4D4B-9C59-C9773999BE51}.Release|Any CPU.Build.0 = Release|Any CPU
	EndGlobalSection
	GlobalSection(SolutionProperties) = preSolution
		HideSolutionNode = FALSE
	EndGlobalSection
	GlobalSection(ExtensibilityGlobals) = postSolution
		SolutionGuid = {24622444-3B0A-4402-9CE8-A2570C2C14AC}
	EndGlobalSection
EndGlobal
